
Microsoft Visual Studio Solution File, Format Version 12.00
# Visual Studio Version 16
VisualStudioVersion = 16.0.31613.86
MinimumVisualStudioVersion = 10.0.40219.1
Project("{FAE04EC0-301F-11D3-BF4B-00C04F79EFBC}") = "Semana05", "Semana06\Semana05.csproj", "{870DB306-ABB0-4EBF-9A62-E95DF899EE13}"
EndProject
Project("{FAE04EC0-301F-11D3-BF4B-00C04F79EFBC}") = "Data", "Data\Data.csproj", "{8E3B2C07-FA33-4B57-BBBF-5298D4EA6A74}"
EndProject
Project("{FAE04EC0-301F-11D3-BF4B-00C04F79EFBC}") = "Business", "Business\Business.csproj", "{DA01EE65-8E1D-499F-9355-C16AE04A6571}"
EndProject
Project("{FAE04EC0-301F-11D3-BF4B-00C04F79EFBC}") = "Entity", "Entity\Entity.csproj", "{9BACCF2B-A644-4915-8AED-6069B5E96B2B}"
EndProject
Global
	GlobalSection(SolutionConfigurationPlatforms) = preSolution
		Debug|Any CPU = Debug|Any CPU
		Release|Any CPU = Release|Any CPU
	EndGlobalSection
	GlobalSection(ProjectConfigurationPlatforms) = postSolution
		{870DB306-ABB0-4EBF-9A62-E95DF899EE13}.Debug|Any CPU.ActiveCfg = Debug|Any CPU
		{870DB306-ABB0-4EBF-9A62-E95DF899EE13}.Debug|Any CPU.Build.0 = Debug|Any CPU
		{870DB306-ABB0-4EBF-9A62-E95DF899EE13}.Release|Any CPU.ActiveCfg = Release|Any CPU
		{870DB306-ABB0-4EBF-9A62-E95DF899EE13}.Release|Any CPU.Build.0 = Release|Any CPU
		{8E3B2C07-FA33-4B57-BBBF-5298D4EA6A74}.Debug|Any CPU.ActiveCfg = Debug|Any CPU
		{8E3B2C07-FA33-4B57-BBBF-5298D4EA6A74}.Debug|Any CPU.Build.0 = Debug|Any CPU
		{8E3B2C07-FA33-4B57-BBBF-5298D4EA6A74}.Release|Any CPU.ActiveCfg = Release|Any CPU
		{8E3B2C07-FA33-4B57-BBBF-5298D4EA6A74}.Release|Any CPU.Build.0 = Release|Any CPU
		{DA01EE65-8E1D-499F-9355-C16AE04A6571}.Debug|Any CPU.ActiveCfg = Debug|Any CPU
		{DA01EE65-8E1D-499F-9355-C16AE04A6571}.Debug|Any CPU.Build.0 = Debug|Any CPU
		{DA01EE65-8E1D-499F-9355-C16AE04A6571}.Release|Any CPU.ActiveCfg = Release|Any CPU
		{DA01EE65-8E1D-499F-9355-C16AE04A6571}.Release|Any CPU.Build.0 = Release|Any CPU
		{9BACCF2B-A644-4915-8AED-6069B5E96B2B}.Debug|Any CPU.ActiveCfg = Debug|Any CPU
		{9BACCF2B-A644-4915-8AED-6069B5E96B2B}.Debug|Any CPU.Build.0 = Debug|Any CPU
		{9BACCF2B-A644-4915-8AED-6069B5E96B2B}.Release|Any CPU.ActiveCfg = Release|Any CPU
		{9BACCF2B-A644-4915-8AED-6069B5E96B2B}.Release|Any CPU.Build.0 = Release|Any CPU
	EndGlobalSection
	GlobalSection(SolutionProperties) = preSolution
		HideSolutionNode = FALSE
	EndGlobalSection
	GlobalSection(ExtensibilityGlobals) = postSolution
		SolutionGuid = {FC75E5C7-D39F-4709-96CE-23FB419BCEF7}
	EndGlobalSection
EndGlobal
